
Microsoft Visual Studio Solution File, Format Version 12.00
# Visual Studio Version 17
VisualStudioVersion = 17.6.33829.357
MinimumVisualStudioVersion = 10.0.40219.1
Project("{FAE04EC0-301F-11D3-BF4B-00C04F79EFBC}") = "GerenciadorDeContatos.API", "GerenciadorDeContatos.API\GerenciadorDeContatos.API.csproj", "{3D23E65F-2014-45F3-BB20-C9254BE5169A}"
EndProject
Global
	GlobalSection(SolutionConfigurationPlatforms) = preSolution
		Debug|Any CPU = Debug|Any CPU
		Release|Any CPU = Release|Any CPU
	EndGlobalSection
	GlobalSection(ProjectConfigurationPlatforms) = postSolution
		{3D23E65F-2014-45F3-BB20-C9254BE5169A}.Debug|Any CPU.ActiveCfg = Debug|Any CPU
		{3D23E65F-2014-45F3-BB20-C9254BE5169A}.Debug|Any CPU.Build.0 = Debug|Any CPU
		{3D23E65F-2014-45F3-BB20-C9254BE5169A}.Release|Any CPU.ActiveCfg = Release|Any CPU
		{3D23E65F-2014-45F3-BB20-C9254BE5169A}.Release|Any CPU.Build.0 = Release|Any CPU
	EndGlobalSection
	GlobalSection(SolutionProperties) = preSolution
		HideSolutionNode = FALSE
	EndGlobalSection
	GlobalSection(ExtensibilityGlobals) = postSolution
		SolutionGuid = {3F4BDA4F-110A-436C-9916-A045814FB899}
	EndGlobalSection
EndGlobal
